
Microsoft Visual Studio Solution File, Format Version 12.00
# Visual Studio 2012
Project("{FAE04EC0-301F-11D3-BF4B-00C04F79EFBC}") = "MyBookstoreApplication", "..\..\MyBookstoreApplication\MyBookStore\MyBookstoreApplication\MyBookstoreApplication.csproj", "{2DDBA46B-7C9B-4C48-A004-671DE10B80BF}"
EndProject
Global
	GlobalSection(SolutionConfigurationPlatforms) = preSolution
		Debug|Any CPU = Debug|Any CPU
		Release|Any CPU = Release|Any CPU
	EndGlobalSection
	GlobalSection(ProjectConfigurationPlatforms) = postSolution
		{2DDBA46B-7C9B-4C48-A004-671DE10B80BF}.Debug|Any CPU.ActiveCfg = Debug|Any CPU
		{2DDBA46B-7C9B-4C48-A004-671DE10B80BF}.Debug|Any CPU.Build.0 = Debug|Any CPU
		{2DDBA46B-7C9B-4C48-A004-671DE10B80BF}.Release|Any CPU.ActiveCfg = Release|Any CPU
		{2DDBA46B-7C9B-4C48-A004-671DE10B80BF}.Release|Any CPU.Build.0 = Release|Any CPU
	EndGlobalSection
	GlobalSection(SolutionProperties) = preSolution
		HideSolutionNode = FALSE
	EndGlobalSection
EndGlobal
